
Microsoft Visual Studio Solution File, Format Version 12.00
# Visual Studio 15
VisualStudioVersion = 15.0.28307.852
MinimumVisualStudioVersion = 10.0.40219.1
Project("{FAE04EC0-301F-11D3-BF4B-00C04F79EFBC}") = "AdvancePublisher", "AdvancePublisher\AdvancePublisher.csproj", "{30EFE8F6-1185-4430-9FFC-A0685FAEDD10}"
EndProject
Global
	GlobalSection(SolutionConfigurationPlatforms) = preSolution
		Debug|Any CPU = Debug|Any CPU
		Release|Any CPU = Release|Any CPU
	EndGlobalSection
	GlobalSection(ProjectConfigurationPlatforms) = postSolution
		{30EFE8F6-1185-4430-9FFC-A0685FAEDD10}.Debug|Any CPU.ActiveCfg = Debug|Any CPU
		{30EFE8F6-1185-4430-9FFC-A0685FAEDD10}.Debug|Any CPU.Build.0 = Debug|Any CPU
		{30EFE8F6-1185-4430-9FFC-A0685FAEDD10}.Release|Any CPU.ActiveCfg = Release|Any CPU
		{30EFE8F6-1185-4430-9FFC-A0685FAEDD10}.Release|Any CPU.Build.0 = Release|Any CPU
	EndGlobalSection
	GlobalSection(SolutionProperties) = preSolution
		HideSolutionNode = FALSE
	EndGlobalSection
	GlobalSection(ExtensibilityGlobals) = postSolution
		SolutionGuid = {24E86B65-805B-411F-9765-7AD0636AFA21}
	EndGlobalSection
EndGlobal
